
Microsoft Visual Studio Solution File, Format Version 12.00
# Visual Studio 15
VisualStudioVersion = 15.0.28307.572
MinimumVisualStudioVersion = 10.0.40219.1
Project("{FAE04EC0-301F-11D3-BF4B-00C04F79EFBC}") = "Banker", "Banker\Banker.csproj", "{1C620F43-9BF5-45D7-9BC1-5D1379432F63}"
EndProject
Project("{FAE04EC0-301F-11D3-BF4B-00C04F79EFBC}") = "SmsSynchronizer.Android", "SmsSynchronizer\SmsSynchronizer.Android\SmsSynchronizer.Android.csproj", "{60C980B3-4F93-4019-9852-F192AA679032}"
EndProject
Project("{FAE04EC0-301F-11D3-BF4B-00C04F79EFBC}") = "SmsSynchronizer.iOS", "SmsSynchronizer\SmsSynchronizer.iOS\SmsSynchronizer.iOS.csproj", "{12CC4199-F1FE-45E2-BBA3-B3CB1EE1A844}"
EndProject
Project("{9A19103F-16F7-4668-BE54-9A1E7A4F7556}") = "SmsSynchronizer", "SmsSynchronizer\SmsSynchronizer\SmsSynchronizer.csproj", "{90AA385F-83DF-49A2-AAA5-214DFB55335E}"
EndProject
Global
	GlobalSection(SolutionConfigurationPlatforms) = preSolution
		Ad-Hoc|Any CPU = Ad-Hoc|Any CPU
		Ad-Hoc|iPhone = Ad-Hoc|iPhone
		Ad-Hoc|iPhoneSimulator = Ad-Hoc|iPhoneSimulator
		AppStore|Any CPU = AppStore|Any CPU
		AppStore|iPhone = AppStore|iPhone
		AppStore|iPhoneSimulator = AppStore|iPhoneSimulator
		Debug|Any CPU = Debug|Any CPU
		Debug|iPhone = Debug|iPhone
		Debug|iPhoneSimulator = Debug|iPhoneSimulator
		Release|Any CPU = Release|Any CPU
		Release|iPhone = Release|iPhone
		Release|iPhoneSimulator = Release|iPhoneSimulator
	EndGlobalSection
	GlobalSection(ProjectConfigurationPlatforms) = postSolution
		{1C620F43-9BF5-45D7-9BC1-5D1379432F63}.Ad-Hoc|Any CPU.ActiveCfg = Release|Any CPU
		{1C620F43-9BF5-45D7-9BC1-5D1379432F63}.Ad-Hoc|Any CPU.Build.0 = Release|Any CPU
		{1C620F43-9BF5-45D7-9BC1-5D1379432F63}.Ad-Hoc|iPhone.ActiveCfg = Release|Any CPU
		{1C620F43-9BF5-45D7-9BC1-5D1379432F63}.Ad-Hoc|iPhone.Build.0 = Release|Any CPU
		{1C620F43-9BF5-45D7-9BC1-5D1379432F63}.Ad-Hoc|iPhoneSimulator.ActiveCfg = Release|Any CPU
		{1C620F43-9BF5-45D7-9BC1-5D1379432F63}.Ad-Hoc|iPhoneSimulator.Build.0 = Release|Any CPU
		{1C620F43-9BF5-45D7-9BC1-5D1379432F63}.AppStore|Any CPU.ActiveCfg = Release|Any CPU
		{1C620F43-9BF5-45D7-9BC1-5D1379432F63}.AppStore|Any CPU.Build.0 = Release|Any CPU
		{1C620F43-9BF5-45D7-9BC1-5D1379432F63}.AppStore|iPhone.ActiveCfg = Release|Any CPU
		{1C620F43-9BF5-45D7-9BC1-5D1379432F63}.AppStore|iPhone.Build.0 = Release|Any CPU
		{1C620F43-9BF5-45D7-9BC1-5D1379432F63}.AppStore|iPhoneSimulator.ActiveCfg = Release|Any CPU
		{1C620F43-9BF5-45D7-9BC1-5D1379432F63}.AppStore|iPhoneSimulator.Build.0 = Release|Any CPU
		{1C620F43-9BF5-45D7-9BC1-5D1379432F63}.Debug|Any CPU.ActiveCfg = Debug|Any CPU
		{1C620F43-9BF5-45D7-9BC1-5D1379432F63}.Debug|Any CPU.Build.0 = Debug|Any CPU
		{1C620F43-9BF5-45D7-9BC1-5D1379432F63}.Debug|iPhone.ActiveCfg = Debug|Any CPU
		{1C620F43-9BF5-45D7-9BC1-5D1379432F63}.Debug|iPhone.Build.0 = Debug|Any CPU
		{1C620F43-9BF5-45D7-9BC1-5D1379432F63}.Debug|iPhoneSimulator.ActiveCfg = Debug|Any CPU
		{1C620F43-9BF5-45D7-9BC1-5D1379432F63}.Debug|iPhoneSimulator.Build.0 = Debug|Any CPU
		{1C620F43-9BF5-45D7-9BC1-5D1379432F63}.Release|Any CPU.ActiveCfg = Release|Any CPU
		{1C620F43-9BF5-45D7-9BC1-5D1379432F63}.Release|Any CPU.Build.0 = Release|Any CPU
		{1C620F43-9BF5-45D7-9BC1-5D1379432F63}.Release|iPhone.ActiveCfg = Release|Any CPU
		{1C620F43-9BF5-45D7-9BC1-5D1379432F63}.Release|iPhone.Build.0 = Release|Any CPU
		{1C620F43-9BF5-45D7-9BC1-5D1379432F63}.Release|iPhoneSimulator.ActiveCfg = Release|Any CPU
		{1C620F43-9BF5-45D7-9BC1-5D1379432F63}.Release|iPhoneSimulator.Build.0 = Release|Any CPU
		{60C980B3-4F93-4019-9852-F192AA679032}.Ad-Hoc|Any CPU.ActiveCfg = Release|Any CPU
		{60C980B3-4F93-4019-9852-F192AA679032}.Ad-Hoc|Any CPU.Build.0 = Release|Any CPU
		{60C980B3-4F93-4019-9852-F192AA679032}.Ad-Hoc|Any CPU.Deploy.0 = Release|Any CPU
		{60C980B3-4F93-4019-9852-F192AA679032}.Ad-Hoc|iPhone.ActiveCfg = Release|Any CPU
		{60C980B3-4F93-4019-9852-F192AA679032}.Ad-Hoc|iPhone.Build.0 = Release|Any CPU
		{60C980B3-4F93-4019-9852-F192AA679032}.Ad-Hoc|iPhone.Deploy.0 = Release|Any CPU
		{60C980B3-4F93-4019-9852-F192AA679032}.Ad-Hoc|iPhoneSimulator.ActiveCfg = Release|Any CPU
		{60C980B3-4F93-4019-9852-F192AA679032}.Ad-Hoc|iPhoneSimulator.Build.0 = Release|Any CPU
		{60C980B3-4F93-4019-9852-F192AA679032}.Ad-Hoc|iPhoneSimulator.Deploy.0 = Release|Any CPU
		{60C980B3-4F93-4019-9852-F192AA679032}.AppStore|Any CPU.ActiveCfg = Release|Any CPU
		{60C980B3-4F93-4019-9852-F192AA679032}.AppStore|Any CPU.Build.0 = Release|Any CPU
		{60C980B3-4F93-4019-9852-F192AA679032}.AppStore|Any CPU.Deploy.0 = Release|Any CPU
		{60C980B3-4F93-4019-9852-F192AA679032}.AppStore|iPhone.ActiveCfg = Release|Any CPU
		{60C980B3-4F93-4019-9852-F192AA679032}.AppStore|iPhone.Build.0 = Release|Any CPU
		{60C980B3-4F93-4019-9852-F192AA679032}.AppStore|iPhone.Deploy.0 = Release|Any CPU
		{60C980B3-4F93-4019-9852-F192AA679032}.AppStore|iPhoneSimulator.ActiveCfg = Release|Any CPU
		{60C980B3-4F93-4019-9852-F192AA679032}.AppStore|iPhoneSimulator.Build.0 = Release|Any CPU
		{60C980B3-4F93-4019-9852-F192AA679032}.AppStore|iPhoneSimulator.Deploy.0 = Release|Any CPU
		{60C980B3-4F93-4019-9852-F192AA679032}.Debug|Any CPU.ActiveCfg = Debug|Any CPU
		{60C980B3-4F93-4019-9852-F192AA679032}.Debug|Any CPU.Build.0 = Debug|Any CPU
		{60C980B3-4F93-4019-9852-F192AA679032}.Debug|Any CPU.Deploy.0 = Debug|Any CPU
		{60C980B3-4F93-4019-9852-F192AA679032}.Debug|iPhone.ActiveCfg = Debug|Any CPU
		{60C980B3-4F93-4019-9852-F192AA679032}.Debug|iPhone.Build.0 = Debug|Any CPU
		{60C980B3-4F93-4019-9852-F192AA679032}.Debug|iPhone.Deploy.0 = Debug|Any CPU
		{60C980B3-4F93-4019-9852-F192AA679032}.Debug|iPhoneSimulator.ActiveCfg = Debug|Any CPU
		{60C980B3-4F93-4019-9852-F192AA679032}.Debug|iPhoneSimulator.Build.0 = Debug|Any CPU
		{60C980B3-4F93-4019-9852-F192AA679032}.Debug|iPhoneSimulator.Deploy.0 = Debug|Any CPU
		{60C980B3-4F93-4019-9852-F192AA679032}.Release|Any CPU.ActiveCfg = Release|Any CPU
		{60C980B3-4F93-4019-9852-F192AA679032}.Release|Any CPU.Build.0 = Release|Any CPU
		{60C980B3-4F93-4019-9852-F192AA679032}.Release|Any CPU.Deploy.0 = Release|Any CPU
		{60C980B3-4F93-4019-9852-F192AA679032}.Release|iPhone.ActiveCfg = Release|Any CPU
		{60C980B3-4F93-4019-9852-F192AA679032}.Release|iPhone.Build.0 = Release|Any CPU
		{60C980B3-4F93-4019-9852-F192AA679032}.Release|iPhone.Deploy.0 = Release|Any CPU
		{60C980B3-4F93-4019-9852-F192AA679032}.Release|iPhoneSimulator.ActiveCfg = Release|Any CPU
		{60C980B3-4F93-4019-9852-F192AA679032}.Release|iPhoneSimulator.Build.0 = Release|Any CPU
		{60C980B3-4F93-4019-9852-F192AA679032}.Release|iPhoneSimulator.Deploy.0 = Release|Any CPU
		{12CC4199-F1FE-45E2-BBA3-B3CB1EE1A844}.Ad-Hoc|Any CPU.ActiveCfg = Ad-Hoc|iPhone
		{12CC4199-F1FE-45E2-BBA3-B3CB1EE1A844}.Ad-Hoc|iPhone.ActiveCfg = Ad-Hoc|iPhone
		{12CC4199-F1FE-45E2-BBA3-B3CB1EE1A844}.Ad-Hoc|iPhone.Build.0 = Ad-Hoc|iPhone
		{12CC4199-F1FE-45E2-BBA3-B3CB1EE1A844}.Ad-Hoc|iPhoneSimulator.ActiveCfg = Ad-Hoc|iPhoneSimulator
		{12CC4199-F1FE-45E2-BBA3-B3CB1EE1A844}.Ad-Hoc|iPhoneSimulator.Build.0 = Ad-Hoc|iPhoneSimulator
		{12CC4199-F1FE-45E2-BBA3-B3CB1EE1A844}.AppStore|Any CPU.ActiveCfg = AppStore|iPhone
		{12CC4199-F1FE-45E2-BBA3-B3CB1EE1A844}.AppStore|iPhone.ActiveCfg = AppStore|iPhone
		{12CC4199-F1FE-45E2-BBA3-B3CB1EE1A844}.AppStore|iPhone.Build.0 = AppStore|iPhone
		{12CC4199-F1FE-45E2-BBA3-B3CB1EE1A844}.AppStore|iPhoneSimulator.ActiveCfg = AppStore|iPhoneSimulator
		{12CC4199-F1FE-45E2-BBA3-B3CB1EE1A844}.AppStore|iPhoneSimulator.Build.0 = AppStore|iPhoneSimulator
		{12CC4199-F1FE-45E2-BBA3-B3CB1EE1A844}.Debug|Any CPU.ActiveCfg = Debug|iPhone
		{12CC4199-F1FE-45E2-BBA3-B3CB1EE1A844}.Debug|iPhone.ActiveCfg = Debug|iPhone
		{12CC4199-F1FE-45E2-BBA3-B3CB1EE1A844}.Debug|iPhone.Build.0 = Debug|iPhone
		{12CC4199-F1FE-45E2-BBA3-B3CB1EE1A844}.Debug|iPhoneSimulator.ActiveCfg = Debug|iPhoneSimulator
		{12CC4199-F1FE-45E2-BBA3-B3CB1EE1A844}.Debug|iPhoneSimulator.Build.0 = Debug|iPhoneSimulator
		{12CC4199-F1FE-45E2-BBA3-B3CB1EE1A844}.Release|Any CPU.ActiveCfg = Release|iPhone
		{12CC4199-F1FE-45E2-BBA3-B3CB1EE1A844}.Release|iPhone.ActiveCfg = Release|iPhone
		{12CC4199-F1FE-45E2-BBA3-B3CB1EE1A844}.Release|iPhone.Build.0 = Release|iPhone
		{12CC4199-F1FE-45E2-BBA3-B3CB1EE1A844}.Release|iPhoneSimulator.ActiveCfg = Release|iPhoneSimulator
		{12CC4199-F1FE-45E2-BBA3-B3CB1EE1A844}.Release|iPhoneSimulator.Build.0 = Release|iPhoneSimulator
		{90AA385F-83DF-49A2-AAA5-214DFB55335E}.Ad-Hoc|Any CPU.ActiveCfg = Debug|Any CPU
		{90AA385F-83DF-49A2-AAA5-214DFB55335E}.Ad-Hoc|Any CPU.Build.0 = Debug|Any CPU
		{90AA385F-83DF-49A2-AAA5-214DFB55335E}.Ad-Hoc|iPhone.ActiveCfg = Debug|Any CPU
		{90AA385F-83DF-49A2-AAA5-214DFB55335E}.Ad-Hoc|iPhone.Build.0 = Debug|Any CPU
		{90AA385F-83DF-49A2-AAA5-214DFB55335E}.Ad-Hoc|iPhoneSimulator.ActiveCfg = Debug|Any CPU
		{90AA385F-83DF-49A2-AAA5-214DFB55335E}.Ad-Hoc|iPhoneSimulator.Build.0 = Debug|Any CPU
		{90AA385F-83DF-49A2-AAA5-214DFB55335E}.AppStore|Any CPU.ActiveCfg = Debug|Any CPU
		{90AA385F-83DF-49A2-AAA5-214DFB55335E}.AppStore|Any CPU.Build.0 = Debug|Any CPU
		{90AA385F-83DF-49A2-AAA5-214DFB55335E}.AppStore|iPhone.ActiveCfg = Debug|Any CPU
		{90AA385F-83DF-49A2-AAA5-214DFB55335E}.AppStore|iPhone.Build.0 = Debug|Any CPU
		{90AA385F-83DF-49A2-AAA5-214DFB55335E}.AppStore|iPhoneSimulator.ActiveCfg = Debug|Any CPU
		{90AA385F-83DF-49A2-AAA5-214DFB55335E}.AppStore|iPhoneSimulator.Build.0 = Debug|Any CPU
		{90AA385F-83DF-49A2-AAA5-214DFB55335E}.Debug|Any CPU.ActiveCfg = Debug|Any CPU
		{90AA385F-83DF-49A2-AAA5-214DFB55335E}.Debug|Any CPU.Build.0 = Debug|Any CPU
		{90AA385F-83DF-49A2-AAA5-214DFB55335E}.Debug|iPhone.ActiveCfg = Debug|Any CPU
		{90AA385F-83DF-49A2-AAA5-214DFB55335E}.Debug|iPhone.Build.0 = Debug|Any CPU
		{90AA385F-83DF-49A2-AAA5-214DFB55335E}.Debug|iPhoneSimulator.ActiveCfg = Debug|Any CPU
		{90AA385F-83DF-49A2-AAA5-214DFB55335E}.Debug|iPhoneSimulator.Build.0 = Debug|Any CPU
		{90AA385F-83DF-49A2-AAA5-214DFB55335E}.Release|Any CPU.ActiveCfg = Release|Any CPU
		{90AA385F-83DF-49A2-AAA5-214DFB55335E}.Release|Any CPU.Build.0 = Release|Any CPU
		{90AA385F-83DF-49A2-AAA5-214DFB55335E}.Release|iPhone.ActiveCfg = Release|Any CPU
		{90AA385F-83DF-49A2-AAA5-214DFB55335E}.Release|iPhone.Build.0 = Release|Any CPU
		{90AA385F-83DF-49A2-AAA5-214DFB55335E}.Release|iPhoneSimulator.ActiveCfg = Release|Any CPU
		{90AA385F-83DF-49A2-AAA5-214DFB55335E}.Release|iPhoneSimulator.Build.0 = Release|Any CPU
	EndGlobalSection
	GlobalSection(SolutionProperties) = preSolution
		HideSolutionNode = FALSE
	EndGlobalSection
	GlobalSection(ExtensibilityGlobals) = postSolution
		SolutionGuid = {B4465BFC-8397-4277-A472-78279C45DC79}
	EndGlobalSection
EndGlobal
